<?xml version="1.0" encoding="utf-8"?>
<Project ToolsVersion="4.0" xmlns="http://schemas.microsoft.com/developer/msbuild/2003">
  <ItemGroup>
    <ClCompile Include="Managed\ServiceProvider.cpp" />
    <ClCompile Include="Managed\Memory\MemoryService.cpp">
      <Filter>Memory</Filter>
    </ClCompile>
  </ItemGroup>
  <ItemGroup>
    <ClInclude Include="Managed\ServiceProvider.h" />
    <ClInclude Include="Managed\Memory\MemoryService.h">
      <Filter>Memory</Filter>
    </ClInclude>
  </ItemGroup>
  <ItemGroup>
    <Filter Include="Memory">
      <UniqueIdentifier>{da357ea6-7a8e-4de7-be04-c977ac731f09}</UniqueIdentifier>
    </Filter>
  </ItemGroup>
</Project>