<?xml version="1.0" encoding="utf-8"?>
<Project ToolsVersion="4.0" xmlns="http://schemas.microsoft.com/developer/msbuild/2003">
  <ItemGroup>
    <ClInclude Include="photon\Macro.h" />
    <ClInclude Include="photon\Platform\Win32Platform.h">
      <Filter>Platform\Win32</Filter>
    </ClInclude>
    <ClInclude Include="photon\Services\MemoryService.h">
      <Filter>Services\Memory</Filter>
    </ClInclude>
    <ClInclude Include="photon\Services\MemoryStack.h">
      <Filter>Services\Memory</Filter>
    </ClInclude>
    <ClInclude Include="photon\Services\GraphicsService.h">
      <Filter>Services\Graphics</Filter>
    </ClInclude>
    <ClInclude Include="photon\Platform\Win32Game.h">
      <Filter>Platform\Win32</Filter>
    </ClInclude>
    <ClInclude Include="photon\Platform\Win32GL.h">
      <Filter>Platform\Win32</Filter>
    </ClInclude>
    <ClInclude Include="photon\GraphicsAPI\GraphicsAPI.h">
      <Filter>GraphicsAPI</Filter>
    </ClInclude>
    <ClInclude Include="photon\GraphicsAPI\GLGraphicsAPI.h">
      <Filter>GraphicsAPI\OpenGL</Filter>
    </ClInclude>
    <ClInclude Include="photon\GraphicsAPI\DXGraphicsAPI.h">
      <Filter>GraphicsAPI\DirectX</Filter>
    </ClInclude>
    <ClInclude Include="photon\Compiler.h" />
    <ClInclude Include="photon\Platform\Platform.h">
      <Filter>Platform</Filter>
    </ClInclude>
    <ClInclude Include="photon\Platform\PlatformGL.h">
      <Filter>Platform</Filter>
    </ClInclude>
    <ClInclude Include="photon\GraphicsAPI\OpenGL.h">
      <Filter>GraphicsAPI\OpenGL</Filter>
    </ClInclude>
    <ClInclude Include="photon\Math\Vector.h">
      <Filter>Math</Filter>
    </ClInclude>
  </ItemGroup>
  <ItemGroup>
    <Filter Include="Platform">
      <UniqueIdentifier>{cd8233e3-55e9-467f-8c77-a738d371fe87}</UniqueIdentifier>
    </Filter>
    <Filter Include="Services">
      <UniqueIdentifier>{08da02b4-0b0e-4d00-acfb-9468dbd6d72b}</UniqueIdentifier>
    </Filter>
    <Filter Include="Platform\Win32">
      <UniqueIdentifier>{6345547a-5052-4d64-a9d6-f361f6f030a9}</UniqueIdentifier>
    </Filter>
    <Filter Include="Services\Memory">
      <UniqueIdentifier>{5383fdf1-052e-49a6-b3dc-aef32d8c5ccb}</UniqueIdentifier>
    </Filter>
    <Filter Include="Services\Graphics">
      <UniqueIdentifier>{2731e1f1-33eb-43c9-9fb6-e2f78820a33d}</UniqueIdentifier>
    </Filter>
    <Filter Include="GraphicsAPI">
      <UniqueIdentifier>{683908c7-edad-4cd4-9942-479f2ecc8246}</UniqueIdentifier>
    </Filter>
    <Filter Include="GraphicsAPI\OpenGL">
      <UniqueIdentifier>{e2eb9776-ce1b-482a-a52e-8493b05b920f}</UniqueIdentifier>
    </Filter>
    <Filter Include="GraphicsAPI\DirectX">
      <UniqueIdentifier>{2d842c0b-5e4d-4b04-aeb1-d8d4fe4e9f54}</UniqueIdentifier>
    </Filter>
    <Filter Include="Math">
      <UniqueIdentifier>{b7ef1ff4-db39-4391-9afe-5c6015fe02c2}</UniqueIdentifier>
    </Filter>
  </ItemGroup>
  <ItemGroup>
    <ClCompile Include="photon\Platform\Win32Platform.cpp">
      <Filter>Platform\Win32</Filter>
    </ClCompile>
    <ClCompile Include="photon\Services\MemoryService.cpp">
      <Filter>Services\Memory</Filter>
    </ClCompile>
    <ClCompile Include="photon\Services\MemoryStack.cpp">
      <Filter>Services\Memory</Filter>
    </ClCompile>
    <ClCompile Include="photon\Services\GraphicsService.cpp">
      <Filter>Services\Graphics</Filter>
    </ClCompile>
    <ClCompile Include="photon\Platform\Win32Game.cpp">
      <Filter>Platform\Win32</Filter>
    </ClCompile>
    <ClCompile Include="photon\GraphicsAPI\GLGraphicsAPI.cpp">
      <Filter>GraphicsAPI\OpenGL</Filter>
    </ClCompile>
    <ClCompile Include="photon\GraphicsAPI\DXGraphicsAPI.cpp">
      <Filter>GraphicsAPI\DirectX</Filter>
    </ClCompile>
  </ItemGroup>
</Project>